
Microsoft Visual Studio Solution File, Format Version 12.00
# Visual Studio Version 16
VisualStudioVersion = 16.0.29411.108
MinimumVisualStudioVersion = 10.0.40219.1
Project("{FAE04EC0-301F-11D3-BF4B-00C04F79EFBC}") = "ExistingDomainChecker", "ExistingDomainChecker.csproj", "{AFCA34EC-7123-46C3-9C18-6F16943556CF}"
EndProject
Global
	GlobalSection(SolutionConfigurationPlatforms) = preSolution
		Debug|Any CPU = Debug|Any CPU
		Release|Any CPU = Release|Any CPU
	EndGlobalSection
	GlobalSection(ProjectConfigurationPlatforms) = postSolution
		{AFCA34EC-7123-46C3-9C18-6F16943556CF}.Debug|Any CPU.ActiveCfg = Debug|Any CPU
		{AFCA34EC-7123-46C3-9C18-6F16943556CF}.Debug|Any CPU.Build.0 = Debug|Any CPU
		{AFCA34EC-7123-46C3-9C18-6F16943556CF}.Release|Any CPU.ActiveCfg = Release|Any CPU
		{AFCA34EC-7123-46C3-9C18-6F16943556CF}.Release|Any CPU.Build.0 = Release|Any CPU
	EndGlobalSection
	GlobalSection(SolutionProperties) = preSolution
		HideSolutionNode = FALSE
	EndGlobalSection
	GlobalSection(ExtensibilityGlobals) = postSolution
		SolutionGuid = {2387DDBE-4973-4885-8C19-38165CEB6826}
	EndGlobalSection
EndGlobal
